
Microsoft Visual Studio Solution File, Format Version 12.00
# Visual Studio Version 16
VisualStudioVersion = 16.0.28803.352
MinimumVisualStudioVersion = 10.0.40219.1
Project("{8BC9CEB8-8B4A-11D0-8D11-00A0C91BC942}") = "DroidInjCLR", "DroidInjCLR.vcxproj", "{AAB9F885-3A91-490D-B382-5A4611244880}"
EndProject
Global
	GlobalSection(SolutionConfigurationPlatforms) = preSolution
		Debug|x64 = Debug|x64
		Debug|x86 = Debug|x86
		Release|x64 = Release|x64
		Release|x86 = Release|x86
	EndGlobalSection
	GlobalSection(ProjectConfigurationPlatforms) = postSolution
		{AAB9F885-3A91-490D-B382-5A4611244880}.Debug|x64.ActiveCfg = Debug|x64
		{AAB9F885-3A91-490D-B382-5A4611244880}.Debug|x64.Build.0 = Debug|x64
		{AAB9F885-3A91-490D-B382-5A4611244880}.Debug|x86.ActiveCfg = Debug|Win32
		{AAB9F885-3A91-490D-B382-5A4611244880}.Debug|x86.Build.0 = Debug|Win32
		{AAB9F885-3A91-490D-B382-5A4611244880}.Release|x64.ActiveCfg = Release|x64
		{AAB9F885-3A91-490D-B382-5A4611244880}.Release|x64.Build.0 = Release|x64
		{AAB9F885-3A91-490D-B382-5A4611244880}.Release|x86.ActiveCfg = Release|Win32
		{AAB9F885-3A91-490D-B382-5A4611244880}.Release|x86.Build.0 = Release|Win32
	EndGlobalSection
	GlobalSection(SolutionProperties) = preSolution
		HideSolutionNode = FALSE
	EndGlobalSection
	GlobalSection(ExtensibilityGlobals) = postSolution
		SolutionGuid = {60F2A772-F2E8-4A96-802A-1FB38F0B517C}
	EndGlobalSection
EndGlobal
